
Microsoft Visual Studio Solution File, Format Version 12.00
# Visual Studio Version 17
VisualStudioVersion = 17.2.32616.157
MinimumVisualStudioVersion = 10.0.40219.1
Project("{9A19103F-16F7-4668-BE54-9A1E7A4F7556}") = "CunnyAPI", "CunnyAPI\CunnyAPI.csproj", "{008C513A-3880-49E8-9B76-84505420D6A8}"
EndProject
Global
	GlobalSection(SolutionConfigurationPlatforms) = preSolution
		Debug|Any CPU = Debug|Any CPU
		Release|Any CPU = Release|Any CPU
	EndGlobalSection
	GlobalSection(ProjectConfigurationPlatforms) = postSolution
		{008C513A-3880-49E8-9B76-84505420D6A8}.Debug|Any CPU.ActiveCfg = Release|Any CPU
		{008C513A-3880-49E8-9B76-84505420D6A8}.Debug|Any CPU.Build.0 = Release|Any CPU
		{008C513A-3880-49E8-9B76-84505420D6A8}.Release|Any CPU.ActiveCfg = Release|Any CPU
		{008C513A-3880-49E8-9B76-84505420D6A8}.Release|Any CPU.Build.0 = Release|Any CPU
	EndGlobalSection
	GlobalSection(SolutionProperties) = preSolution
		HideSolutionNode = FALSE
	EndGlobalSection
	GlobalSection(ExtensibilityGlobals) = postSolution
		SolutionGuid = {546C4FA2-EC94-41E7-9F45-58354A761135}
	EndGlobalSection
EndGlobal
